
Microsoft Visual Studio Solution File, Format Version 12.00
# Visual Studio Version 17
VisualStudioVersion = 17.0.32014.148
MinimumVisualStudioVersion = 10.0.40219.1
Project("{2150E333-8FDC-42A3-9474-1A3956D46DE8}") = "Task_3", "Task_3", "{4703CBD0-48B1-4B9E-860D-FBF43B784D6D}"
EndProject
Project("{2150E333-8FDC-42A3-9474-1A3956D46DE8}") = "Task_4", "Task_4", "{F6EDAD8F-353C-49DE-9835-6DC46C1E0AD4}"
EndProject
Project("{FAE04EC0-301F-11D3-BF4B-00C04F79EFBC}") = "Task_4.1", "Task_4\Task_4.1\Task_4.1.csproj", "{BAD63D8B-C681-4E6E-A420-DC1A0602E824}"
EndProject
Project("{2150E333-8FDC-42A3-9474-1A3956D46DE8}") = "Task_1", "Task_1", "{1846EF08-5972-44C8-90B2-9FC2EA0EC9F6}"
EndProject
Project("{FAE04EC0-301F-11D3-BF4B-00C04F79EFBC}") = "Task_1.1", "Task_1\Task_1.1\Task_1.1.csproj", "{6A5C54C7-2704-45DC-A43C-46131DAA297B}"
EndProject
Project("{FAE04EC0-301F-11D3-BF4B-00C04F79EFBC}") = "Task_1.2", "Task_1\Task_1.2\Task_1.2.csproj", "{B4784FD3-72CA-43CF-9A9B-6111DA4D600C}"
EndProject
Project("{FAE04EC0-301F-11D3-BF4B-00C04F79EFBC}") = "Task_2.1", "Task_2\Task_2.1\Task_2.1.csproj", "{5B3A29B6-CDF0-4B02-9600-6073929360E1}"
EndProject
Project("{2150E333-8FDC-42A3-9474-1A3956D46DE8}") = "Task_2", "Task_2", "{A3C7E244-128A-4185-AEC7-129654715C4E}"
EndProject
Project("{FAE04EC0-301F-11D3-BF4B-00C04F79EFBC}") = "Task_3.1", "Task_3\Task_3.1\Task_3.1.csproj", "{D65E11A1-6AC5-4832-838E-4E63EED246FA}"
EndProject
Project("{FAE04EC0-301F-11D3-BF4B-00C04F79EFBC}") = "Task_3.2", "Task_3\Task_3.2\Task_3.2.csproj", "{56F06DF6-3DA9-4CB8-848A-2336B1AD33A1}"
EndProject
Project("{FAE04EC0-301F-11D3-BF4B-00C04F79EFBC}") = "Task_3.3", "Task_3\Task_3.3\Task_3.3.csproj", "{F0F2906C-9EFB-46CF-854C-DBFDE952BBF4}"
EndProject
Global
	GlobalSection(SolutionConfigurationPlatforms) = preSolution
		Debug|Any CPU = Debug|Any CPU
		Release|Any CPU = Release|Any CPU
	EndGlobalSection
	GlobalSection(ProjectConfigurationPlatforms) = postSolution
		{BAD63D8B-C681-4E6E-A420-DC1A0602E824}.Debug|Any CPU.ActiveCfg = Debug|Any CPU
		{BAD63D8B-C681-4E6E-A420-DC1A0602E824}.Debug|Any CPU.Build.0 = Debug|Any CPU
		{BAD63D8B-C681-4E6E-A420-DC1A0602E824}.Release|Any CPU.ActiveCfg = Release|Any CPU
		{BAD63D8B-C681-4E6E-A420-DC1A0602E824}.Release|Any CPU.Build.0 = Release|Any CPU
		{6A5C54C7-2704-45DC-A43C-46131DAA297B}.Debug|Any CPU.ActiveCfg = Debug|Any CPU
		{6A5C54C7-2704-45DC-A43C-46131DAA297B}.Debug|Any CPU.Build.0 = Debug|Any CPU
		{6A5C54C7-2704-45DC-A43C-46131DAA297B}.Release|Any CPU.ActiveCfg = Release|Any CPU
		{6A5C54C7-2704-45DC-A43C-46131DAA297B}.Release|Any CPU.Build.0 = Release|Any CPU
		{B4784FD3-72CA-43CF-9A9B-6111DA4D600C}.Debug|Any CPU.ActiveCfg = Debug|Any CPU
		{B4784FD3-72CA-43CF-9A9B-6111DA4D600C}.Debug|Any CPU.Build.0 = Debug|Any CPU
		{B4784FD3-72CA-43CF-9A9B-6111DA4D600C}.Release|Any CPU.ActiveCfg = Release|Any CPU
		{B4784FD3-72CA-43CF-9A9B-6111DA4D600C}.Release|Any CPU.Build.0 = Release|Any CPU
		{5B3A29B6-CDF0-4B02-9600-6073929360E1}.Debug|Any CPU.ActiveCfg = Debug|Any CPU
		{5B3A29B6-CDF0-4B02-9600-6073929360E1}.Debug|Any CPU.Build.0 = Debug|Any CPU
		{5B3A29B6-CDF0-4B02-9600-6073929360E1}.Release|Any CPU.ActiveCfg = Release|Any CPU
		{5B3A29B6-CDF0-4B02-9600-6073929360E1}.Release|Any CPU.Build.0 = Release|Any CPU
		{D65E11A1-6AC5-4832-838E-4E63EED246FA}.Debug|Any CPU.ActiveCfg = Debug|Any CPU
		{D65E11A1-6AC5-4832-838E-4E63EED246FA}.Debug|Any CPU.Build.0 = Debug|Any CPU
		{D65E11A1-6AC5-4832-838E-4E63EED246FA}.Release|Any CPU.ActiveCfg = Release|Any CPU
		{D65E11A1-6AC5-4832-838E-4E63EED246FA}.Release|Any CPU.Build.0 = Release|Any CPU
		{56F06DF6-3DA9-4CB8-848A-2336B1AD33A1}.Debug|Any CPU.ActiveCfg = Debug|Any CPU
		{56F06DF6-3DA9-4CB8-848A-2336B1AD33A1}.Debug|Any CPU.Build.0 = Debug|Any CPU
		{56F06DF6-3DA9-4CB8-848A-2336B1AD33A1}.Release|Any CPU.ActiveCfg = Release|Any CPU
		{56F06DF6-3DA9-4CB8-848A-2336B1AD33A1}.Release|Any CPU.Build.0 = Release|Any CPU
		{F0F2906C-9EFB-46CF-854C-DBFDE952BBF4}.Debug|Any CPU.ActiveCfg = Debug|Any CPU
		{F0F2906C-9EFB-46CF-854C-DBFDE952BBF4}.Debug|Any CPU.Build.0 = Debug|Any CPU
		{F0F2906C-9EFB-46CF-854C-DBFDE952BBF4}.Release|Any CPU.ActiveCfg = Release|Any CPU
		{F0F2906C-9EFB-46CF-854C-DBFDE952BBF4}.Release|Any CPU.Build.0 = Release|Any CPU
	EndGlobalSection
	GlobalSection(SolutionProperties) = preSolution
		HideSolutionNode = FALSE
	EndGlobalSection
	GlobalSection(NestedProjects) = preSolution
		{BAD63D8B-C681-4E6E-A420-DC1A0602E824} = {F6EDAD8F-353C-49DE-9835-6DC46C1E0AD4}
		{6A5C54C7-2704-45DC-A43C-46131DAA297B} = {1846EF08-5972-44C8-90B2-9FC2EA0EC9F6}
		{B4784FD3-72CA-43CF-9A9B-6111DA4D600C} = {1846EF08-5972-44C8-90B2-9FC2EA0EC9F6}
		{5B3A29B6-CDF0-4B02-9600-6073929360E1} = {A3C7E244-128A-4185-AEC7-129654715C4E}
		{D65E11A1-6AC5-4832-838E-4E63EED246FA} = {4703CBD0-48B1-4B9E-860D-FBF43B784D6D}
		{56F06DF6-3DA9-4CB8-848A-2336B1AD33A1} = {4703CBD0-48B1-4B9E-860D-FBF43B784D6D}
		{F0F2906C-9EFB-46CF-854C-DBFDE952BBF4} = {4703CBD0-48B1-4B9E-860D-FBF43B784D6D}
	EndGlobalSection
	GlobalSection(ExtensibilityGlobals) = postSolution
		SolutionGuid = {2CA10C63-4501-495C-8503-4EF422582141}
	EndGlobalSection
EndGlobal
