
Microsoft Visual Studio Solution File, Format Version 12.00
# Visual Studio Version 17
VisualStudioVersion = 17.0.32014.148
MinimumVisualStudioVersion = 10.0.40219.1
Project("{2150E333-8FDC-42A3-9474-1A3956D46DE8}") = "Task_3", "Task_3", "{4703CBD0-48B1-4B9E-860D-FBF43B784D6D}"
EndProject
Project("{2150E333-8FDC-42A3-9474-1A3956D46DE8}") = "Task_4", "Task_4", "{F6EDAD8F-353C-49DE-9835-6DC46C1E0AD4}"
EndProject
Project("{9A19103F-16F7-4668-BE54-9A1E7A4F7556}") = "Task_4.1", "Task_4\Task_4.1\Task_4.1.csproj", "{BAD63D8B-C681-4E6E-A420-DC1A0602E824}"
EndProject
Project("{2150E333-8FDC-42A3-9474-1A3956D46DE8}") = "Task_1", "Task_1", "{1846EF08-5972-44C8-90B2-9FC2EA0EC9F6}"
EndProject
Project("{9A19103F-16F7-4668-BE54-9A1E7A4F7556}") = "Task_1.1", "Task_1\Task_1.1\Task_1.1.csproj", "{6A5C54C7-2704-45DC-A43C-46131DAA297B}"
EndProject
Project("{9A19103F-16F7-4668-BE54-9A1E7A4F7556}") = "Task_1.2", "Task_1\Task_1.2\Task_1.2.csproj", "{B4784FD3-72CA-43CF-9A9B-6111DA4D600C}"
EndProject
Project("{9A19103F-16F7-4668-BE54-9A1E7A4F7556}") = "Task_2.1", "Task_2\Task_2.1\Task_2.1.csproj", "{5B3A29B6-CDF0-4B02-9600-6073929360E1}"
EndProject
Project("{2150E333-8FDC-42A3-9474-1A3956D46DE8}") = "Task_2", "Task_2", "{A3C7E244-128A-4185-AEC7-129654715C4E}"
EndProject
Project("{9A19103F-16F7-4668-BE54-9A1E7A4F7556}") = "Task_3.1", "Task_3\Task_3.1\Task_3.1.csproj", "{D65E11A1-6AC5-4832-838E-4E63EED246FA}"
EndProject
Project("{9A19103F-16F7-4668-BE54-9A1E7A4F7556}") = "Task_3.2", "Task_3\Task_3.2\Task_3.2.csproj", "{56F06DF6-3DA9-4CB8-848A-2336B1AD33A1}"
EndProject
Project("{9A19103F-16F7-4668-BE54-9A1E7A4F7556}") = "Task_3.3", "Task_3\Task_3.3\Task_3.3.csproj", "{F0F2906C-9EFB-46CF-854C-DBFDE952BBF4}"
EndProject
Project("{9A19103F-16F7-4668-BE54-9A1E7A4F7556}") = "Task_4.2", "Task_4\Task_4.2\Task_4.2.csproj", "{6D8AD0DB-4D5C-44F8-A04D-B0E56C8E3EFC}"
EndProject
Project("{9A19103F-16F7-4668-BE54-9A1E7A4F7556}") = "Task_4.3", "Task_4\Task_4.3\Task_4.3.csproj", "{C4ACC11C-3E78-4C40-BB93-AE60B707306A}"
EndProject
Project("{2150E333-8FDC-42A3-9474-1A3956D46DE8}") = "Task_5", "Task_5", "{E0D0E5F6-E6FC-4581-8EEC-22C9C6893620}"
EndProject
Project("{9A19103F-16F7-4668-BE54-9A1E7A4F7556}") = "Task_5.1", "Task_5\Task_5.1\Task_5.1.csproj", "{ACD83CDD-1505-41D1-9274-02499114DE51}"
EndProject
Project("{9A19103F-16F7-4668-BE54-9A1E7A4F7556}") = "Task_5.2", "Task_5\Task_5.2\Task_5.2.csproj", "{F8DFDBCF-8866-4944-A9EE-06DCCFA1130C}"
EndProject
Project("{2150E333-8FDC-42A3-9474-1A3956D46DE8}") = "Task_6", "Task_6", "{FC34A9F5-1878-4106-B515-9CA2CD492D77}"
EndProject
Project("{9A19103F-16F7-4668-BE54-9A1E7A4F7556}") = "Task_6.1", "Task_6\Task_6.1\Task_6.1.csproj", "{3DDE5C2C-902B-4D31-9AF7-CA12582CE28D}"
EndProject
Project("{2150E333-8FDC-42A3-9474-1A3956D46DE8}") = "Task_7", "Task_7", "{60F5E444-A824-4AB3-9B53-0D179CE5066D}"
EndProject
Project("{9A19103F-16F7-4668-BE54-9A1E7A4F7556}") = "Task_7.1", "Task_7\Task_7.1\Task_7.1.csproj", "{7B02A1CF-35EF-4BE6-9810-07BBF63C91BE}"
EndProject
Project("{2150E333-8FDC-42A3-9474-1A3956D46DE8}") = "Task_8", "Task_8", "{0CE4F52F-1324-4897-8F1A-3310DB204077}"
EndProject
Project("{9A19103F-16F7-4668-BE54-9A1E7A4F7556}") = "Task_8.1", "Task_8\Task_8.1\Task_8.1.csproj", "{CB74F7E5-A107-4B63-B284-360DC144EF0B}"
EndProject
Project("{9A19103F-16F7-4668-BE54-9A1E7A4F7556}") = "Task_8.2", "Task_8\Task_8.2\Task_8.2.csproj", "{ECE326B1-F9B2-4F25-9387-C72DEB7CDB72}"
EndProject
Project("{FAE04EC0-301F-11D3-BF4B-00C04F79EFBC}") = "Task_8.3", "Task_8.3\Task_8.3\Task_8.3.csproj", "{5BD3F65F-36C3-4CA6-835F-836C9E313D58}"
EndProject
Global
	GlobalSection(SolutionConfigurationPlatforms) = preSolution
		Debug|Any CPU = Debug|Any CPU
		Release|Any CPU = Release|Any CPU
	EndGlobalSection
	GlobalSection(ProjectConfigurationPlatforms) = postSolution
		{BAD63D8B-C681-4E6E-A420-DC1A0602E824}.Debug|Any CPU.ActiveCfg = Debug|Any CPU
		{BAD63D8B-C681-4E6E-A420-DC1A0602E824}.Debug|Any CPU.Build.0 = Debug|Any CPU
		{BAD63D8B-C681-4E6E-A420-DC1A0602E824}.Release|Any CPU.ActiveCfg = Release|Any CPU
		{BAD63D8B-C681-4E6E-A420-DC1A0602E824}.Release|Any CPU.Build.0 = Release|Any CPU
		{6A5C54C7-2704-45DC-A43C-46131DAA297B}.Debug|Any CPU.ActiveCfg = Debug|Any CPU
		{6A5C54C7-2704-45DC-A43C-46131DAA297B}.Debug|Any CPU.Build.0 = Debug|Any CPU
		{6A5C54C7-2704-45DC-A43C-46131DAA297B}.Release|Any CPU.ActiveCfg = Release|Any CPU
		{6A5C54C7-2704-45DC-A43C-46131DAA297B}.Release|Any CPU.Build.0 = Release|Any CPU
		{B4784FD3-72CA-43CF-9A9B-6111DA4D600C}.Debug|Any CPU.ActiveCfg = Debug|Any CPU
		{B4784FD3-72CA-43CF-9A9B-6111DA4D600C}.Debug|Any CPU.Build.0 = Debug|Any CPU
		{B4784FD3-72CA-43CF-9A9B-6111DA4D600C}.Release|Any CPU.ActiveCfg = Release|Any CPU
		{B4784FD3-72CA-43CF-9A9B-6111DA4D600C}.Release|Any CPU.Build.0 = Release|Any CPU
		{5B3A29B6-CDF0-4B02-9600-6073929360E1}.Debug|Any CPU.ActiveCfg = Debug|Any CPU
		{5B3A29B6-CDF0-4B02-9600-6073929360E1}.Debug|Any CPU.Build.0 = Debug|Any CPU
		{5B3A29B6-CDF0-4B02-9600-6073929360E1}.Release|Any CPU.ActiveCfg = Release|Any CPU
		{5B3A29B6-CDF0-4B02-9600-6073929360E1}.Release|Any CPU.Build.0 = Release|Any CPU
		{D65E11A1-6AC5-4832-838E-4E63EED246FA}.Debug|Any CPU.ActiveCfg = Debug|Any CPU
		{D65E11A1-6AC5-4832-838E-4E63EED246FA}.Debug|Any CPU.Build.0 = Debug|Any CPU
		{D65E11A1-6AC5-4832-838E-4E63EED246FA}.Release|Any CPU.ActiveCfg = Release|Any CPU
		{D65E11A1-6AC5-4832-838E-4E63EED246FA}.Release|Any CPU.Build.0 = Release|Any CPU
		{56F06DF6-3DA9-4CB8-848A-2336B1AD33A1}.Debug|Any CPU.ActiveCfg = Debug|Any CPU
		{56F06DF6-3DA9-4CB8-848A-2336B1AD33A1}.Debug|Any CPU.Build.0 = Debug|Any CPU
		{56F06DF6-3DA9-4CB8-848A-2336B1AD33A1}.Release|Any CPU.ActiveCfg = Release|Any CPU
		{56F06DF6-3DA9-4CB8-848A-2336B1AD33A1}.Release|Any CPU.Build.0 = Release|Any CPU
		{F0F2906C-9EFB-46CF-854C-DBFDE952BBF4}.Debug|Any CPU.ActiveCfg = Debug|Any CPU
		{F0F2906C-9EFB-46CF-854C-DBFDE952BBF4}.Debug|Any CPU.Build.0 = Debug|Any CPU
		{F0F2906C-9EFB-46CF-854C-DBFDE952BBF4}.Release|Any CPU.ActiveCfg = Release|Any CPU
		{F0F2906C-9EFB-46CF-854C-DBFDE952BBF4}.Release|Any CPU.Build.0 = Release|Any CPU
		{6D8AD0DB-4D5C-44F8-A04D-B0E56C8E3EFC}.Debug|Any CPU.ActiveCfg = Debug|Any CPU
		{6D8AD0DB-4D5C-44F8-A04D-B0E56C8E3EFC}.Debug|Any CPU.Build.0 = Debug|Any CPU
		{6D8AD0DB-4D5C-44F8-A04D-B0E56C8E3EFC}.Release|Any CPU.ActiveCfg = Release|Any CPU
		{6D8AD0DB-4D5C-44F8-A04D-B0E56C8E3EFC}.Release|Any CPU.Build.0 = Release|Any CPU
		{C4ACC11C-3E78-4C40-BB93-AE60B707306A}.Debug|Any CPU.ActiveCfg = Debug|Any CPU
		{C4ACC11C-3E78-4C40-BB93-AE60B707306A}.Debug|Any CPU.Build.0 = Debug|Any CPU
		{C4ACC11C-3E78-4C40-BB93-AE60B707306A}.Release|Any CPU.ActiveCfg = Release|Any CPU
		{C4ACC11C-3E78-4C40-BB93-AE60B707306A}.Release|Any CPU.Build.0 = Release|Any CPU
		{ACD83CDD-1505-41D1-9274-02499114DE51}.Debug|Any CPU.ActiveCfg = Debug|Any CPU
		{ACD83CDD-1505-41D1-9274-02499114DE51}.Debug|Any CPU.Build.0 = Debug|Any CPU
		{ACD83CDD-1505-41D1-9274-02499114DE51}.Release|Any CPU.ActiveCfg = Release|Any CPU
		{ACD83CDD-1505-41D1-9274-02499114DE51}.Release|Any CPU.Build.0 = Release|Any CPU
		{F8DFDBCF-8866-4944-A9EE-06DCCFA1130C}.Debug|Any CPU.ActiveCfg = Debug|Any CPU
		{F8DFDBCF-8866-4944-A9EE-06DCCFA1130C}.Debug|Any CPU.Build.0 = Debug|Any CPU
		{F8DFDBCF-8866-4944-A9EE-06DCCFA1130C}.Release|Any CPU.ActiveCfg = Release|Any CPU
		{F8DFDBCF-8866-4944-A9EE-06DCCFA1130C}.Release|Any CPU.Build.0 = Release|Any CPU
		{3DDE5C2C-902B-4D31-9AF7-CA12582CE28D}.Debug|Any CPU.ActiveCfg = Debug|Any CPU
		{3DDE5C2C-902B-4D31-9AF7-CA12582CE28D}.Debug|Any CPU.Build.0 = Debug|Any CPU
		{3DDE5C2C-902B-4D31-9AF7-CA12582CE28D}.Release|Any CPU.ActiveCfg = Release|Any CPU
		{3DDE5C2C-902B-4D31-9AF7-CA12582CE28D}.Release|Any CPU.Build.0 = Release|Any CPU
		{7B02A1CF-35EF-4BE6-9810-07BBF63C91BE}.Debug|Any CPU.ActiveCfg = Debug|Any CPU
		{7B02A1CF-35EF-4BE6-9810-07BBF63C91BE}.Debug|Any CPU.Build.0 = Debug|Any CPU
		{7B02A1CF-35EF-4BE6-9810-07BBF63C91BE}.Release|Any CPU.ActiveCfg = Release|Any CPU
		{7B02A1CF-35EF-4BE6-9810-07BBF63C91BE}.Release|Any CPU.Build.0 = Release|Any CPU
		{CB74F7E5-A107-4B63-B284-360DC144EF0B}.Debug|Any CPU.ActiveCfg = Debug|Any CPU
		{CB74F7E5-A107-4B63-B284-360DC144EF0B}.Debug|Any CPU.Build.0 = Debug|Any CPU
		{CB74F7E5-A107-4B63-B284-360DC144EF0B}.Release|Any CPU.ActiveCfg = Release|Any CPU
		{CB74F7E5-A107-4B63-B284-360DC144EF0B}.Release|Any CPU.Build.0 = Release|Any CPU
		{ECE326B1-F9B2-4F25-9387-C72DEB7CDB72}.Debug|Any CPU.ActiveCfg = Debug|Any CPU
		{ECE326B1-F9B2-4F25-9387-C72DEB7CDB72}.Debug|Any CPU.Build.0 = Debug|Any CPU
		{ECE326B1-F9B2-4F25-9387-C72DEB7CDB72}.Release|Any CPU.ActiveCfg = Release|Any CPU
		{ECE326B1-F9B2-4F25-9387-C72DEB7CDB72}.Release|Any CPU.Build.0 = Release|Any CPU
		{5BD3F65F-36C3-4CA6-835F-836C9E313D58}.Debug|Any CPU.ActiveCfg = Debug|Any CPU
		{5BD3F65F-36C3-4CA6-835F-836C9E313D58}.Debug|Any CPU.Build.0 = Debug|Any CPU
		{5BD3F65F-36C3-4CA6-835F-836C9E313D58}.Release|Any CPU.ActiveCfg = Release|Any CPU
		{5BD3F65F-36C3-4CA6-835F-836C9E313D58}.Release|Any CPU.Build.0 = Release|Any CPU
	EndGlobalSection
	GlobalSection(SolutionProperties) = preSolution
		HideSolutionNode = FALSE
	EndGlobalSection
	GlobalSection(NestedProjects) = preSolution
		{BAD63D8B-C681-4E6E-A420-DC1A0602E824} = {F6EDAD8F-353C-49DE-9835-6DC46C1E0AD4}
		{6A5C54C7-2704-45DC-A43C-46131DAA297B} = {1846EF08-5972-44C8-90B2-9FC2EA0EC9F6}
		{B4784FD3-72CA-43CF-9A9B-6111DA4D600C} = {1846EF08-5972-44C8-90B2-9FC2EA0EC9F6}
		{5B3A29B6-CDF0-4B02-9600-6073929360E1} = {A3C7E244-128A-4185-AEC7-129654715C4E}
		{D65E11A1-6AC5-4832-838E-4E63EED246FA} = {4703CBD0-48B1-4B9E-860D-FBF43B784D6D}
		{56F06DF6-3DA9-4CB8-848A-2336B1AD33A1} = {4703CBD0-48B1-4B9E-860D-FBF43B784D6D}
		{F0F2906C-9EFB-46CF-854C-DBFDE952BBF4} = {4703CBD0-48B1-4B9E-860D-FBF43B784D6D}
		{6D8AD0DB-4D5C-44F8-A04D-B0E56C8E3EFC} = {F6EDAD8F-353C-49DE-9835-6DC46C1E0AD4}
		{C4ACC11C-3E78-4C40-BB93-AE60B707306A} = {F6EDAD8F-353C-49DE-9835-6DC46C1E0AD4}
		{ACD83CDD-1505-41D1-9274-02499114DE51} = {E0D0E5F6-E6FC-4581-8EEC-22C9C6893620}
		{F8DFDBCF-8866-4944-A9EE-06DCCFA1130C} = {E0D0E5F6-E6FC-4581-8EEC-22C9C6893620}
		{3DDE5C2C-902B-4D31-9AF7-CA12582CE28D} = {FC34A9F5-1878-4106-B515-9CA2CD492D77}
		{7B02A1CF-35EF-4BE6-9810-07BBF63C91BE} = {60F5E444-A824-4AB3-9B53-0D179CE5066D}
		{CB74F7E5-A107-4B63-B284-360DC144EF0B} = {0CE4F52F-1324-4897-8F1A-3310DB204077}
		{ECE326B1-F9B2-4F25-9387-C72DEB7CDB72} = {0CE4F52F-1324-4897-8F1A-3310DB204077}
		{5BD3F65F-36C3-4CA6-835F-836C9E313D58} = {0CE4F52F-1324-4897-8F1A-3310DB204077}
	EndGlobalSection
	GlobalSection(ExtensibilityGlobals) = postSolution
		SolutionGuid = {2CA10C63-4501-495C-8503-4EF422582141}
	EndGlobalSection
EndGlobal
